version = 1
revision = 2
requires-python = ">=3.13"

[[package]]
name = "importlib-resources"
version = "6.5.2"
source = { registry = "https://pypi.org/simple" }
sdist = { url = "https://files.pythonhosted.org/packages/cf/8c/f834fbf984f691b4f7ff60f50b514cc3de5cc08abfc3295564dd89c5e2e7/importlib_resources-6.5.2.tar.gz", hash = "sha256:185f87adef5bcc288449d98fb4fba07cea78bc036455dd44c5fc4a2fe78fed2c", size = 44693, upload-time = "2025-01-03T18:51:56.698Z" }
wheels = [
    { url = "https://files.pythonhosted.org/packages/a4/ed/1f1afb2e9e7f38a545d628f864d562a5ae64fe6f7a10e28ffb9b185b4e89/importlib_resources-6.5.2-py3-none-any.whl", hash = "sha256:789cfdc3ed28c78b67a06acb8126751ced69a3d5f79c095a98298cd8a760ccec", size = 37461, upload-time = "2025-01-03T18:51:54.306Z" },
]

[[package]]
name = "python-host"
version = "0.1.0"
source = { virtual = "." }
dependencies = [
    { name = "wasmtime" },
]

[package.metadata]
requires-dist = [{ name = "wasmtime", specifier = "==38.0.0" }]

[[package]]
name = "wasmtime"
version = "38.0.0"
source = { registry = "https://pypi.org/simple" }
dependencies = [
    { name = "importlib-resources" },
]
sdist = { url = "https://files.pythonhosted.org/packages/78/79/3d055ce7a0a237941d1910f32a1b6692dee4021d0cb709a97d2feb3f1ef3/wasmtime-38.0.0.tar.gz", hash = "sha256:75d38a075571756543266df782979fc2204cafd1fb7f3ebbb901e05df916dd34", size = 147265, upload-time = "2025-10-20T21:03:50.452Z" }
wheels = [
    { url = "https://files.pythonhosted.org/packages/41/7a/2714d2f9424b952d71ca88ac264352f0c3d3282cf62d93a3ce337b50624e/wasmtime-38.0.0-py3-none-android_26_arm64_v8a.whl", hash = "sha256:71acc1f48ba6addbd4aee72bb249025709b31bb6a655cbecf2972f3412a8c3b0", size = 7786963, upload-time = "2025-10-20T21:03:29.124Z" },
    { url = "https://files.pythonhosted.org/packages/cf/fa/52965b32fa204dde06585641ba367313db46149c3ee15f05e21babcb2d96/wasmtime-38.0.0-py3-none-android_26_x86_64.whl", hash = "sha256:c3dac04170a3fa4257ba0b0a04f360c09ddae4e67c1ceca144d757a372004e2c", size = 8596069, upload-time = "2025-10-20T21:03:31.694Z" },
    { url = "https://files.pythonhosted.org/packages/5c/56/1ba8709083dbdbd0f734921704513d45fcd855e4406ae0f4a7d06c78c7e5/wasmtime-38.0.0-py3-none-any.whl", hash = "sha256:df99e75296a504d37053bc0cae3a73cc5ec5c1942d8f086a4195afaa26274457", size = 7160166, upload-time = "2025-10-20T21:03:34.949Z" },
    { url = "https://files.pythonhosted.org/packages/9e/be/c470e5be91cccf7fbc4db4ce42eafb8f0f34b45aeb92c5bfbf963d100e0b/wasmtime-38.0.0-py3-none-macosx_10_13_x86_64.whl", hash = "sha256:1c46037114350f25b23eb928085b29dc8acfe4de7ba6a59584b51bfc8533e14c", size = 8340326, upload-time = "2025-10-20T21:03:37.414Z" },
    { url = "https://files.pythonhosted.org/packages/54/83/83d598af08eb297f1a644e678ce2d6c335f015c9f3c8c2532e289801293b/wasmtime-38.0.0-py3-none-macosx_11_0_arm64.whl", hash = "sha256:479529425f68cd69f8f4c369abf50d6f44a0e2395f5ce2b9a506c8a695aef65b", size = 7457077, upload-time = "2025-10-20T21:03:39.876Z" },
    { url = "https://files.pythonhosted.org/packages/54/de/7b8898c9e7f73a2f4c20b621279143cfc27836dba0db676e9a923cd0a461/wasmtime-38.0.0-py3-none-manylinux1_x86_64.whl", hash = "sha256:f6c87bfe9de9a35de5b28fbdac192e2526486e3d0a3be48e107789cf117925fd", size = 8676002, upload-time = "2025-10-20T21:03:42.702Z" },
    { url = "https://files.pythonhosted.org/packages/fc/7b/8e6f9670ea1476735517b28b99b2595e9000d46ee0a276d0e0b547cc928c/wasmtime-38.0.0-py3-none-manylinux2014_aarch64.whl", hash = "sha256:d5455bd83e82b04db32c226524b1c084a71d5d9d4ada3c5d0cf5cccaf2563253", size = 7725439, upload-time = "2025-10-20T21:03:44.34Z" },
    { url = "https://files.pythonhosted.org/packages/9a/bf/b2b024d203dd676811729ad8de232608b2e727a89cd5ad16fbdeeac98dd7/wasmtime-38.0.0-py3-none-musllinux_1_2_x86_64.whl", hash = "sha256:3864469deb899eda7f32193d8cc8922d6b320cc016d08e601236dbfd77b096fe", size = 8706404, upload-time = "2025-10-20T21:03:45.756Z" },
    { url = "https://files.pythonhosted.org/packages/66/99/6da689c6534b16b2e6959321533f0000228854e5f4211eb00bfa7b6bcebc/wasmtime-38.0.0-py3-none-win_amd64.whl", hash = "sha256:c0f7ac800575e592e74ce7d111e04ad7b3dbbff421bfac00c94432300ee39bfe", size = 7160172, upload-time = "2025-10-20T21:03:47.503Z" },
    { url = "https://files.pythonhosted.org/packages/a1/85/fbba5850c65ab91312a68871dec4e36abbb7ad717f3df6c790bff330b054/wasmtime-38.0.0-py3-none-win_arm64.whl", hash = "sha256:79fd37228ded91e84ee6748894ef4686bd6232e635e150e6a70beabd99c67868", size = 6272297, upload-time = "2025-10-20T21:03:48.882Z" },
]
